
Microsoft Visual Studio Solution File, Format Version 12.00
# Visual Studio Version 17
VisualStudioVersion = 17.8.34330.188
MinimumVisualStudioVersion = 10.0.40219.1
Project("{FAE04EC0-301F-11D3-BF4B-00C04F79EFBC}") = "PrimeiroProjetoCSharp", "PrimeiroProjetoCSharp\PrimeiroProjetoCSharp.csproj", "{37947E62-76E1-4866-A97D-7918D5A90882}"
EndProject
Global
	GlobalSection(SolutionConfigurationPlatforms) = preSolution
		Debug|Any CPU = Debug|Any CPU
		Release|Any CPU = Release|Any CPU
	EndGlobalSection
	GlobalSection(ProjectConfigurationPlatforms) = postSolution
		{37947E62-76E1-4866-A97D-7918D5A90882}.Debug|Any CPU.ActiveCfg = Debug|Any CPU
		{37947E62-76E1-4866-A97D-7918D5A90882}.Debug|Any CPU.Build.0 = Debug|Any CPU
		{37947E62-76E1-4866-A97D-7918D5A90882}.Release|Any CPU.ActiveCfg = Release|Any CPU
		{37947E62-76E1-4866-A97D-7918D5A90882}.Release|Any CPU.Build.0 = Release|Any CPU
	EndGlobalSection
	GlobalSection(SolutionProperties) = preSolution
		HideSolutionNode = FALSE
	EndGlobalSection
	GlobalSection(ExtensibilityGlobals) = postSolution
		SolutionGuid = {91CC061E-13AA-4302-B977-DD0B94089537}
	EndGlobalSection
EndGlobal
